
Microsoft Visual Studio Solution File, Format Version 12.00
# Visual Studio Version 17
VisualStudioVersion = 17.14.36121.58
MinimumVisualStudioVersion = 10.0.40219.1
Project("{FAE04EC0-301F-11D3-BF4B-00C04F79EFBC}") = "NDSH", "src\NDSH\src\NDSH.csproj", "{3D01D430-02C6-E5FC-5DA0-617C649D3215}"
EndProject
Project("{FAE04EC0-301F-11D3-BF4B-00C04F79EFBC}") = "NDSH.Apps", "src\NDSH.Apps\src\NDSH.Apps.csproj", "{6589C6E8-9273-0607-0BBC-BFAEB23F6EED}"
EndProject
Project("{FAE04EC0-301F-11D3-BF4B-00C04F79EFBC}") = "NDSH.Apps.Benchmarks", "src\NDSH.Apps\benchmarks\NDSH.Apps.Benchmarks.csproj", "{0840F021-326E-7AE1-B3B6-6B07699B66E5}"
EndProject
Project("{FAE04EC0-301F-11D3-BF4B-00C04F79EFBC}") = "NDSH.Database", "src\NDSH.Database\src\NDSH.Database.csproj", "{D6CC05EC-9712-D2B5-F74F-1EF0A7D0742C}"
EndProject
Project("{FAE04EC0-301F-11D3-BF4B-00C04F79EFBC}") = "NDSH.Globalization", "src\NDSH.Globalization\src\NDSH.Globalization.csproj", "{60D9EF64-D23F-C51F-DD28-E1B06AA70341}"
EndProject
Project("{FAE04EC0-301F-11D3-BF4B-00C04F79EFBC}") = "NDSH.Hashing", "src\NDSH.Hashing\src\NDSH.Hashing.csproj", "{3727C7B2-F8DC-0EB2-C494-720BBC657CB1}"
EndProject
Project("{FAE04EC0-301F-11D3-BF4B-00C04F79EFBC}") = "NDSH.Hashing.Tests", "src\NDSH.Hashing\tests\NDSH.Hashing.Tests.csproj", "{0A228F85-F13B-8ADC-AA07-2E7B12E6F8B1}"
EndProject
Project("{FAE04EC0-301F-11D3-BF4B-00C04F79EFBC}") = "NDSH.Models", "src\NDSH.Models\src\NDSH.Models.csproj", "{EAFBA2AE-D7DE-F56C-0603-28D01540033D}"
EndProject
Project("{FAE04EC0-301F-11D3-BF4B-00C04F79EFBC}") = "NDSH.Resources", "src\NDSH.Resources\src\NDSH.Resources.csproj", "{43A5DE2F-2DCF-539F-F201-8B8FDC6AAB7E}"
EndProject
Project("{FAE04EC0-301F-11D3-BF4B-00C04F79EFBC}") = "NDSH.Xml", "src\NDSH.Xml\src\NDSH.Xml.csproj", "{D0270B33-5ACA-A019-7C6F-FFD8AFF6B35B}"
EndProject
Project("{FAE04EC0-301F-11D3-BF4B-00C04F79EFBC}") = "NDSH.Geospatial.Uprn", "src\NDSH.Geospatial.Uprn\src\NDSH.Geospatial.Uprn.csproj", "{AC50841D-578A-27C4-1D12-360512DBAC69}"
EndProject
Project("{FAE04EC0-301F-11D3-BF4B-00C04F79EFBC}") = "NDSH.Geospatial.Uprn.Service", "src\NDSH.Geospatial.Uprn.Service\src\NDSH.Geospatial.Uprn.Service.csproj", "{61C5B36C-362E-8464-733E-89C7B8AD6DA9}"
EndProject
Project("{FAE04EC0-301F-11D3-BF4B-00C04F79EFBC}") = "OgcApi.Net", "src\Common\OgcApi.Net\OgcApi.Net.csproj", "{AE99EAD3-AC59-4DEA-A65F-E107CBCAC3E9}"
EndProject
Project("{2150E333-8FDC-42A3-9474-1A3956D46DE8}") = "Common", "Common", "{BF78F24C-5A83-4CE5-85EB-8FA5619B9CC5}"
EndProject
Project("{2150E333-8FDC-42A3-9474-1A3956D46DE8}") = "Standards", "Standards", "{565B1254-6B22-4BDA-A2F2-F329C3D0B1E7}"
EndProject
Project("{FAE04EC0-301F-11D3-BF4B-00C04F79EFBC}") = "OgcApi.Net.Schemas", "src\Common\Standards\OgcApi.Net.Schemas\OgcApi.Net.Schemas.csproj", "{E3BA4175-F31F-409F-8E0D-8F3FD1D084D7}"
EndProject
Project("{FAE04EC0-301F-11D3-BF4B-00C04F79EFBC}") = "OgcApi.Net.Features", "src\Common\OgcApi.Net\OgcApi.Net.Features.csproj", "{925A49D0-58D4-4A2B-B87A-8D49B23848FE}"
EndProject
Project("{2150E333-8FDC-42A3-9474-1A3956D46DE8}") = "Providers", "Providers", "{5A44A732-EF47-4486-A0CC-3A213759D0F5}"
EndProject
Project("{FAE04EC0-301F-11D3-BF4B-00C04F79EFBC}") = "OgcApi.Net.MbTiles", "src\Providers\OgcApi.Net.MbTiles\OgcApi.Net.MbTiles.csproj", "{E161A0F8-C9E5-433E-B5A1-0B9E8C79DB80}"
EndProject
Project("{FAE04EC0-301F-11D3-BF4B-00C04F79EFBC}") = "OgcApi.Net.PostGis", "src\Providers\OgcApi.Net.PostGis\OgcApi.Net.PostGis.csproj", "{6D001CB1-0F84-4827-806A-958B41E11902}"
EndProject
Project("{FAE04EC0-301F-11D3-BF4B-00C04F79EFBC}") = "OgcApi.Net.SpatiaLite", "src\Providers\OgcApi.Net.SpatiaLite\OgcApi.Net.SpatiaLite.csproj", "{B92662C5-C8A4-4288-8AB6-251B6A026944}"
EndProject
Project("{FAE04EC0-301F-11D3-BF4B-00C04F79EFBC}") = "OgcApi.Net.SqlServer", "src\Providers\OgcApi.Net.SqlServer\OgcApi.Net.SqlServer.csproj", "{4B825BC0-4E68-428F-B0FE-4A2B1C14729D}"
EndProject
Global
	GlobalSection(SolutionConfigurationPlatforms) = preSolution
		Debug|Any CPU = Debug|Any CPU
		Release|Any CPU = Release|Any CPU
	EndGlobalSection
	GlobalSection(ProjectConfigurationPlatforms) = postSolution
		{3D01D430-02C6-E5FC-5DA0-617C649D3215}.Debug|Any CPU.ActiveCfg = Debug|Any CPU
		{3D01D430-02C6-E5FC-5DA0-617C649D3215}.Debug|Any CPU.Build.0 = Debug|Any CPU
		{3D01D430-02C6-E5FC-5DA0-617C649D3215}.Release|Any CPU.ActiveCfg = Release|Any CPU
		{3D01D430-02C6-E5FC-5DA0-617C649D3215}.Release|Any CPU.Build.0 = Release|Any CPU
		{6589C6E8-9273-0607-0BBC-BFAEB23F6EED}.Debug|Any CPU.ActiveCfg = Debug|Any CPU
		{6589C6E8-9273-0607-0BBC-BFAEB23F6EED}.Debug|Any CPU.Build.0 = Debug|Any CPU
		{6589C6E8-9273-0607-0BBC-BFAEB23F6EED}.Release|Any CPU.ActiveCfg = Release|Any CPU
		{6589C6E8-9273-0607-0BBC-BFAEB23F6EED}.Release|Any CPU.Build.0 = Release|Any CPU
		{0840F021-326E-7AE1-B3B6-6B07699B66E5}.Debug|Any CPU.ActiveCfg = Debug|Any CPU
		{0840F021-326E-7AE1-B3B6-6B07699B66E5}.Debug|Any CPU.Build.0 = Debug|Any CPU
		{0840F021-326E-7AE1-B3B6-6B07699B66E5}.Release|Any CPU.ActiveCfg = Release|Any CPU
		{0840F021-326E-7AE1-B3B6-6B07699B66E5}.Release|Any CPU.Build.0 = Release|Any CPU
		{D6CC05EC-9712-D2B5-F74F-1EF0A7D0742C}.Debug|Any CPU.ActiveCfg = Debug|Any CPU
		{D6CC05EC-9712-D2B5-F74F-1EF0A7D0742C}.Debug|Any CPU.Build.0 = Debug|Any CPU
		{D6CC05EC-9712-D2B5-F74F-1EF0A7D0742C}.Release|Any CPU.ActiveCfg = Release|Any CPU
		{D6CC05EC-9712-D2B5-F74F-1EF0A7D0742C}.Release|Any CPU.Build.0 = Release|Any CPU
		{60D9EF64-D23F-C51F-DD28-E1B06AA70341}.Debug|Any CPU.ActiveCfg = Debug|Any CPU
		{60D9EF64-D23F-C51F-DD28-E1B06AA70341}.Debug|Any CPU.Build.0 = Debug|Any CPU
		{60D9EF64-D23F-C51F-DD28-E1B06AA70341}.Release|Any CPU.ActiveCfg = Release|Any CPU
		{60D9EF64-D23F-C51F-DD28-E1B06AA70341}.Release|Any CPU.Build.0 = Release|Any CPU
		{3727C7B2-F8DC-0EB2-C494-720BBC657CB1}.Debug|Any CPU.ActiveCfg = Debug|Any CPU
		{3727C7B2-F8DC-0EB2-C494-720BBC657CB1}.Debug|Any CPU.Build.0 = Debug|Any CPU
		{3727C7B2-F8DC-0EB2-C494-720BBC657CB1}.Release|Any CPU.ActiveCfg = Release|Any CPU
		{3727C7B2-F8DC-0EB2-C494-720BBC657CB1}.Release|Any CPU.Build.0 = Release|Any CPU
		{0A228F85-F13B-8ADC-AA07-2E7B12E6F8B1}.Debug|Any CPU.ActiveCfg = Debug|Any CPU
		{0A228F85-F13B-8ADC-AA07-2E7B12E6F8B1}.Debug|Any CPU.Build.0 = Debug|Any CPU
		{0A228F85-F13B-8ADC-AA07-2E7B12E6F8B1}.Release|Any CPU.ActiveCfg = Release|Any CPU
		{0A228F85-F13B-8ADC-AA07-2E7B12E6F8B1}.Release|Any CPU.Build.0 = Release|Any CPU
		{EAFBA2AE-D7DE-F56C-0603-28D01540033D}.Debug|Any CPU.ActiveCfg = Debug|Any CPU
		{EAFBA2AE-D7DE-F56C-0603-28D01540033D}.Debug|Any CPU.Build.0 = Debug|Any CPU
		{EAFBA2AE-D7DE-F56C-0603-28D01540033D}.Release|Any CPU.ActiveCfg = Release|Any CPU
		{EAFBA2AE-D7DE-F56C-0603-28D01540033D}.Release|Any CPU.Build.0 = Release|Any CPU
		{43A5DE2F-2DCF-539F-F201-8B8FDC6AAB7E}.Debug|Any CPU.ActiveCfg = Debug|Any CPU
		{43A5DE2F-2DCF-539F-F201-8B8FDC6AAB7E}.Debug|Any CPU.Build.0 = Debug|Any CPU
		{43A5DE2F-2DCF-539F-F201-8B8FDC6AAB7E}.Release|Any CPU.ActiveCfg = Release|Any CPU
		{43A5DE2F-2DCF-539F-F201-8B8FDC6AAB7E}.Release|Any CPU.Build.0 = Release|Any CPU
		{D0270B33-5ACA-A019-7C6F-FFD8AFF6B35B}.Debug|Any CPU.ActiveCfg = Debug|Any CPU
		{D0270B33-5ACA-A019-7C6F-FFD8AFF6B35B}.Debug|Any CPU.Build.0 = Debug|Any CPU
		{D0270B33-5ACA-A019-7C6F-FFD8AFF6B35B}.Release|Any CPU.ActiveCfg = Release|Any CPU
		{D0270B33-5ACA-A019-7C6F-FFD8AFF6B35B}.Release|Any CPU.Build.0 = Release|Any CPU
		{AC50841D-578A-27C4-1D12-360512DBAC69}.Debug|Any CPU.ActiveCfg = Debug|Any CPU
		{AC50841D-578A-27C4-1D12-360512DBAC69}.Debug|Any CPU.Build.0 = Debug|Any CPU
		{AC50841D-578A-27C4-1D12-360512DBAC69}.Release|Any CPU.ActiveCfg = Release|Any CPU
		{AC50841D-578A-27C4-1D12-360512DBAC69}.Release|Any CPU.Build.0 = Release|Any CPU
		{61C5B36C-362E-8464-733E-89C7B8AD6DA9}.Debug|Any CPU.ActiveCfg = Debug|Any CPU
		{61C5B36C-362E-8464-733E-89C7B8AD6DA9}.Debug|Any CPU.Build.0 = Debug|Any CPU
		{61C5B36C-362E-8464-733E-89C7B8AD6DA9}.Release|Any CPU.ActiveCfg = Release|Any CPU
		{61C5B36C-362E-8464-733E-89C7B8AD6DA9}.Release|Any CPU.Build.0 = Release|Any CPU
		{AE99EAD3-AC59-4DEA-A65F-E107CBCAC3E9}.Debug|Any CPU.ActiveCfg = Debug|Any CPU
		{AE99EAD3-AC59-4DEA-A65F-E107CBCAC3E9}.Debug|Any CPU.Build.0 = Debug|Any CPU
		{AE99EAD3-AC59-4DEA-A65F-E107CBCAC3E9}.Release|Any CPU.ActiveCfg = Release|Any CPU
		{AE99EAD3-AC59-4DEA-A65F-E107CBCAC3E9}.Release|Any CPU.Build.0 = Release|Any CPU
		{E3BA4175-F31F-409F-8E0D-8F3FD1D084D7}.Debug|Any CPU.ActiveCfg = Debug|Any CPU
		{E3BA4175-F31F-409F-8E0D-8F3FD1D084D7}.Debug|Any CPU.Build.0 = Debug|Any CPU
		{E3BA4175-F31F-409F-8E0D-8F3FD1D084D7}.Release|Any CPU.ActiveCfg = Release|Any CPU
		{E3BA4175-F31F-409F-8E0D-8F3FD1D084D7}.Release|Any CPU.Build.0 = Release|Any CPU
		{925A49D0-58D4-4A2B-B87A-8D49B23848FE}.Debug|Any CPU.ActiveCfg = Debug|x86
		{925A49D0-58D4-4A2B-B87A-8D49B23848FE}.Debug|Any CPU.Build.0 = Debug|x86
		{925A49D0-58D4-4A2B-B87A-8D49B23848FE}.Release|Any CPU.ActiveCfg = Debug|x86
		{925A49D0-58D4-4A2B-B87A-8D49B23848FE}.Release|Any CPU.Build.0 = Debug|x86
		{E161A0F8-C9E5-433E-B5A1-0B9E8C79DB80}.Debug|Any CPU.ActiveCfg = Debug|Any CPU
		{E161A0F8-C9E5-433E-B5A1-0B9E8C79DB80}.Debug|Any CPU.Build.0 = Debug|Any CPU
		{E161A0F8-C9E5-433E-B5A1-0B9E8C79DB80}.Release|Any CPU.ActiveCfg = Release|Any CPU
		{E161A0F8-C9E5-433E-B5A1-0B9E8C79DB80}.Release|Any CPU.Build.0 = Release|Any CPU
		{6D001CB1-0F84-4827-806A-958B41E11902}.Debug|Any CPU.ActiveCfg = Debug|Any CPU
		{6D001CB1-0F84-4827-806A-958B41E11902}.Debug|Any CPU.Build.0 = Debug|Any CPU
		{6D001CB1-0F84-4827-806A-958B41E11902}.Release|Any CPU.ActiveCfg = Release|Any CPU
		{6D001CB1-0F84-4827-806A-958B41E11902}.Release|Any CPU.Build.0 = Release|Any CPU
		{B92662C5-C8A4-4288-8AB6-251B6A026944}.Debug|Any CPU.ActiveCfg = Debug|Any CPU
		{B92662C5-C8A4-4288-8AB6-251B6A026944}.Debug|Any CPU.Build.0 = Debug|Any CPU
		{B92662C5-C8A4-4288-8AB6-251B6A026944}.Release|Any CPU.ActiveCfg = Release|Any CPU
		{B92662C5-C8A4-4288-8AB6-251B6A026944}.Release|Any CPU.Build.0 = Release|Any CPU
		{4B825BC0-4E68-428F-B0FE-4A2B1C14729D}.Debug|Any CPU.ActiveCfg = Debug|Any CPU
		{4B825BC0-4E68-428F-B0FE-4A2B1C14729D}.Debug|Any CPU.Build.0 = Debug|Any CPU
		{4B825BC0-4E68-428F-B0FE-4A2B1C14729D}.Release|Any CPU.ActiveCfg = Release|Any CPU
		{4B825BC0-4E68-428F-B0FE-4A2B1C14729D}.Release|Any CPU.Build.0 = Release|Any CPU
	EndGlobalSection
	GlobalSection(SolutionProperties) = preSolution
		HideSolutionNode = FALSE
	EndGlobalSection
	GlobalSection(NestedProjects) = preSolution
		{AE99EAD3-AC59-4DEA-A65F-E107CBCAC3E9} = {BF78F24C-5A83-4CE5-85EB-8FA5619B9CC5}
		{565B1254-6B22-4BDA-A2F2-F329C3D0B1E7} = {BF78F24C-5A83-4CE5-85EB-8FA5619B9CC5}
		{E3BA4175-F31F-409F-8E0D-8F3FD1D084D7} = {565B1254-6B22-4BDA-A2F2-F329C3D0B1E7}
		{925A49D0-58D4-4A2B-B87A-8D49B23848FE} = {BF78F24C-5A83-4CE5-85EB-8FA5619B9CC5}
		{E161A0F8-C9E5-433E-B5A1-0B9E8C79DB80} = {5A44A732-EF47-4486-A0CC-3A213759D0F5}
		{6D001CB1-0F84-4827-806A-958B41E11902} = {5A44A732-EF47-4486-A0CC-3A213759D0F5}
		{B92662C5-C8A4-4288-8AB6-251B6A026944} = {5A44A732-EF47-4486-A0CC-3A213759D0F5}
		{4B825BC0-4E68-428F-B0FE-4A2B1C14729D} = {5A44A732-EF47-4486-A0CC-3A213759D0F5}
	EndGlobalSection
	GlobalSection(ExtensibilityGlobals) = postSolution
		SolutionGuid = {1278484C-6291-4635-A846-795A83B3EDE6}
	EndGlobalSection
EndGlobal
